
Microsoft Visual Studio Solution File, Format Version 12.00
# Visual Studio Version 16
VisualStudioVersion = 16.0.29123.88
MinimumVisualStudioVersion = 10.0.40219.1
Project("{FAE04EC0-301F-11D3-BF4B-00C04F79EFBC}") = "AudioPlayer", "AudioPlayer\AudioPlayer.csproj", "{D9E62B8E-71F5-4C8E-AA47-BF55B8F2307B}"
EndProject
Project("{FAE04EC0-301F-11D3-BF4B-00C04F79EFBC}") = "AudioWorker", "AudioWorker\AudioWorker.csproj", "{7804644B-8BB8-49E9-A535-AF76BB7C96BF}"
EndProject
Global
	GlobalSection(SolutionConfigurationPlatforms) = preSolution
		Debug|Any CPU = Debug|Any CPU
		Release|Any CPU = Release|Any CPU
	EndGlobalSection
	GlobalSection(ProjectConfigurationPlatforms) = postSolution
		{D9E62B8E-71F5-4C8E-AA47-BF55B8F2307B}.Debug|Any CPU.ActiveCfg = Debug|Any CPU
		{D9E62B8E-71F5-4C8E-AA47-BF55B8F2307B}.Debug|Any CPU.Build.0 = Debug|Any CPU
		{D9E62B8E-71F5-4C8E-AA47-BF55B8F2307B}.Release|Any CPU.ActiveCfg = Release|Any CPU
		{D9E62B8E-71F5-4C8E-AA47-BF55B8F2307B}.Release|Any CPU.Build.0 = Release|Any CPU
		{7804644B-8BB8-49E9-A535-AF76BB7C96BF}.Debug|Any CPU.ActiveCfg = Debug|Any CPU
		{7804644B-8BB8-49E9-A535-AF76BB7C96BF}.Debug|Any CPU.Build.0 = Debug|Any CPU
		{7804644B-8BB8-49E9-A535-AF76BB7C96BF}.Release|Any CPU.ActiveCfg = Release|Any CPU
		{7804644B-8BB8-49E9-A535-AF76BB7C96BF}.Release|Any CPU.Build.0 = Release|Any CPU
	EndGlobalSection
	GlobalSection(SolutionProperties) = preSolution
		HideSolutionNode = FALSE
	EndGlobalSection
	GlobalSection(ExtensibilityGlobals) = postSolution
		SolutionGuid = {D3679491-AD39-482E-A592-B154DD12AED9}
	EndGlobalSection
EndGlobal
